PODS:
  - Alamofire (4.3.0)
  - NeuraSDKFramework (3.0.0)

DEPENDENCIES:
  - Alamofire (~> 4.3)
  - NeuraSDKFramework

SPEC CHECKSUMS:
  Alamofire: 856a113053a7bc9cbe5d6367a555d773fc5cfef7
  NeuraSDKFramework: 894b6e7cc21d7219ab13bfa8bf6eb8a4afea0d26

PODFILE CHECKSUM: ee240579bbd688d3f0e24ed317b68d70afe902d8

COCOAPODS: 1.1.1
