// !$*UTF8*$!
{
	archiveVersion = 1;
	classes = {
	};
	objectVersion = 46;
	objects = {

/* Begin PBXBuildFile section */
		41F3D1651DE2F0C10078A06D /* AppDelegate.swift in Sources */ = {isa = PBXBuildFile; fileRef = 41F3D1641DE2F0C10078A06D /* AppDelegate.swift */; };
		41F3D1671DE2F0C10078A06D /* ViewController.swift in Sources */ = {isa = PBXBuildFile; fileRef = 41F3D1661DE2F0C10078A06D /* ViewController.swift */; };
		41F3D16A1DE2F0C10078A06D /* Main.storyboard in Resources */ = {isa = PBXBuildFile; fileRef = 41F3D1681DE2F0C10078A06D /* Main.storyboard */; };
		41F3D16C1DE2F0C10078A06D /* Assets.xcassets in Resources */ = {isa = PBXBuildFile; fileRef = 41F3D16B1DE2F0C10078A06D /* Assets.xcassets */; };
		41F3D16F1DE2F0C10078A06D /* LaunchScreen.storyboard in Resources */ = {isa = PBXBuildFile; fileRef = 41F3D16D1DE2F0C10078A06D /* LaunchScreen.storyboard */; };
/* End PBXBuildFile section */

/* Begin PBXFileReference section */
		41F3D1611DE2F0C10078A06D /* MedicatioNeura.app */ = {isa = PBXFileReference; explicitFileType = wrapper.application; includeInIndex = 0; path = MedicatioNeura.app; sourceTree = BUILT_PRODUCTS_DIR; };
		41F3D1641DE2F0C10078A06D /* AppDelegate.swift */ = {isa = PBXFileReference; lastKnownFileType = sourcecode.swift; path = AppDelegate.swift; sourceTree = "<group>"; };
		41F3D1661DE2F0C10078A06D /* ViewController.swift */ = {isa = PBXFileReference; lastKnownFileType = sourcecode.swift; path = ViewController.swift; sourceTree = "<group>"; };
		41F3D1691DE2F0C10078A06D /* Base */ = {isa = PBXFileReference; lastKnownFileType = file.storyboard; name = Base; path = Base.lproj/Main.storyboard; sourceTree = "<group>"; };
		41F3D16B1DE2F0C10078A06D /* Assets.xcassets */ = {isa = PBXFileReference; lastKnownFileType = folder.assetcatalog; path = Assets.xcassets; sourceTree = "<group>"; };
		41F3D16E1DE2F0C10078A06D /* Base */ = {isa = PBXFileReference; lastKnownFileType = file.storyboard; name = Base; path = Base.lproj/LaunchScreen.storyboard; sourceTree = "<group>"; };
		41F3D1701DE2F0C10078A06D /* Info.plist */ = {isa = PBXFileReference; lastKnownFileType = text.plist.xml; path = Info.plist; sourceTree = "<group>"; };
/* End PBXFileReference section */

/* Begin PBXFrameworksBuildPhase section */
		41F3D15E1DE2F0C10078A06D /* Frameworks */ = {
			isa = PBXFrameworksBuildPhase;
			buildActionMask = 2147483647;
			files = (
			);
			runOnlyForDeploymentPostprocessing = 0;
		};
/* End PBXFrameworksBuildPhase section */

/* Begin PBXGroup section */
		41F3D1581DE2F0C10078A06D = {
			isa = PBXGroup;
			children = (
				41F3D1631DE2F0C10078A06D /* MedicatioNeura */,
				41F3D1621DE2F0C10078A06D /* Products */,
			);
			sourceTree = "<group>";
		};
		41F3D1621DE2F0C10078A06D /* Products */ = {
			isa = PBXGroup;
			children = (
				41F3D1611DE2F0C10078A06D /* MedicatioNeura.app */,
			);
			name = Products;
			sourceTree = "<group>";
		};
		41F3D1631DE2F0C10078A06D /* MedicatioNeura */ = {
			isa = PBXGroup;
			children = (
				41F3D1641DE2F0C10078A06D /* AppDelegate.swift */,
				41F3D1661DE2F0C10078A06D /* ViewController.swift */,
				41F3D1681DE2F0C10078A06D /* Main.storyboard */,
				41F3D16B1DE2F0C10078A06D /* Assets.xcassets */,
				41F3D16D1DE2F0C10078A06D /* LaunchScreen.storyboard */,
				41F3D1701DE2F0C10078A06D /* Info.plist */,
			);
			path = MedicatioNeura;
			sourceTree = "<group>";
		};
/* End PBXGroup section */

/* Begin PBXNativeTarget section */
		41F3D1601DE2F0C10078A06D /* MedicatioNeura */ = {
			isa = PBXNativeTarget;
			buildConfigurationList = 41F3D1731DE2F0C10078A06D /* Build configuration list for PBXNativeTarget "MedicatioNeura" */;
			buildPhases = (
				41F3D15D1DE2F0C10078A06D /* Sources */,
				41F3D15E1DE2F0C10078A06D /* Frameworks */,
				41F3D15F1DE2F0C10078A06D /* Resources */,
			);
			buildRules = (
			);
			dependencies = (
			);
			name = MedicatioNeura;
			productName = MedicatioNeura;
			productReference = 41F3D1611DE2F0C10078A06D /* MedicatioNeura.app */;
			productType = "com.apple.product-type.application";
		};
/* End PBXNativeTarget section */

/* Begin PBXProject section */
		41F3D1591DE2F0C10078A06D /* Project object */ = {
			isa = PBXProject;
			attributes = {
				LastSwiftUpdateCheck = 0810;
				LastUpgradeCheck = 0810;
				ORGANIZATIONNAME = neura;
				TargetAttributes = {
					41F3D1601DE2F0C10078A06D = {
						CreatedOnToolsVersion = 8.1;
						DevelopmentTeam = B3SVDDVYL4;
						ProvisioningStyle = Automatic;
					};
				};
			};
			buildConfigurationList = 41F3D15C1DE2F0C10078A06D /* Build configuration list for PBXProject "MedicatioNeura" */;
			compatibilityVersion = "Xcode 3.2";
			developmentRegion = English;
			hasScannedForEncodings = 0;
			knownRegions = (
				en,
				Base,
			);
			mainGroup = 41F3D1581DE2F0C10078A06D;
			productRefGroup = 41F3D1621DE2F0C10078A06D /* Products */;
			projectDirPath = "";
			projectRoot = "";
			targets = (
				41F3D1601DE2F0C10078A06D /* MedicatioNeura */,
			);
		};
/* End PBXProject section */

/* Begin PBXResourcesBuildPhase section */
		41F3D15F1DE2F0C10078A06D /* Resources */ = {
			isa = PBXResourcesBuildPhase;
			buildActionMask = 2147483647;
			files = (
				41F3D16F1DE2F0C10078A06D /* LaunchScreen.storyboard in Resources */,
				41F3D16C1DE2F0C10078A06D /* Assets.xcassets in Resources */,
				41F3D16A1DE2F0C10078A06D /* Main.storyboard in Resources */,
			);
			runOnlyForDeploymentPostprocessing = 0;
		};
/* End PBXResourcesBuildPhase section */

/* Begin PBXSourcesBuildPhase section */
		41F3D15D1DE2F0C10078A06D /* Sources */ = {
			isa = PBXSourcesBuildPhase;
			buildActionMask = 2147483647;
			files = (
				41F3D1671DE2F0C10078A06D /* ViewController.swift in Sources */,
				41F3D1651DE2F0C10078A06D /* AppDelegate.swift in Sources */,
			);
			runOnlyForDeploymentPostprocessing = 0;
		};
/* End PBXSourcesBuildPhase section */

/* Begin PBXVariantGroup section */
		41F3D1681DE2F0C10078A06D /* Main.storyboard */ = {
			isa = PBXVariantGroup;
			children = (
				41F3D1691DE2F0C10078A06D /* Base */,
			);
			name = Main.storyboard;
			sourceTree = "<group>";
		};
		41F3D16D1DE2F0C10078A06D /* LaunchScreen.storyboard */ = {
			isa = PBXVariantGroup;
			children = (
				41F3D16E1DE2F0C10078A06D /* Base */,
			);
			name = LaunchScreen.storyboard;
			sourceTree = "<group>";
		};
/* End PBXVariantGroup section */

/* Begin XCBuildConfiguration section */
		41F3D1711DE2F0C10078A06D /* Debug */ = {
			isa = XCBuildConfiguration;
			buildSettings = {
				ALWAYS_SEARCH_USER_PATHS = NO;
				CLANG_ANALYZER_NONNULL = YES;
				CLANG_CXX_LANGUAGE_STANDARD = "gnu++0x";
				CLANG_CXX_LIBRARY = "libc++";
				CLANG_ENABLE_MODULES = YES;
				CLANG_ENABLE_OBJC_ARC = YES;
				CLANG_WARN_BOOL_CONVERSION = YES;
				CLANG_WARN_CONSTANT_CONVERSION = YES;
				CLANG_WARN_DIRECT_OBJC_ISA_USAGE = YES_ERROR;
				CLANG_WARN_DOCUMENTATION_COMMENTS = YES;
				CLANG_WARN_EMPTY_BODY = YES;
				CLANG_WARN_ENUM_CONVERSION = YES;
				CLANG_WARN_INFINITE_RECURSION = YES;
				CLANG_WARN_INT_CONVERSION = YES;
				CLANG_WARN_OBJC_ROOT_CLASS = YES_ERROR;
				CLANG_WARN_SUSPICIOUS_MOVES = YES;
				CLANG_WARN_UNREACHABLE_CODE = YES;
				CLANG_WARN__DUPLICATE_METHOD_MATCH = YES;
				"CODE_SIGN_IDENTITY[sdk=iphoneos*]" = "iPhone Developer";
				COPY_PHASE_STRIP = NO;
				DEBUG_INFORMATION_FORMAT = dwarf;
				ENABLE_STRICT_OBJC_MSGSEND = YES;
				ENABLE_TESTABILITY = YES;
				GCC_C_LANGUAGE_STANDARD = gnu99;
				GCC_DYNAMIC_NO_PIC = NO;
				GCC_NO_COMMON_BLOCKS = YES;
				GCC_OPTIMIZATION_LEVEL = 0;
				GCC_PREPROCESSOR_DEFINITIONS = (
					"DEBUG=1",
					"$(inherited)",
				);
				GCC_WARN_64_TO_32_BIT_CONVERSION = YES;
				GCC_WARN_ABOUT_RETURN_TYPE = YES_ERROR;
				GCC_WARN_UNDECLARED_SELECTOR = YES;
				GCC_WARN_UNINITIALIZED_AUTOS = YES_AGGRESSIVE;
				GCC_WARN_UNUSED_FUNCTION = YES;
				GCC_WARN_UNUSED_VARIABLE = YES;
				IPHONEOS_DEPLOYMENT_TARGET = 10.1;
				MTL_ENABLE_DEBUG_INFO = YES;
				ONLY_ACTIVE_ARCH = YES;
				SDKROOT = iphoneos;
				SWIFT_ACTIVE_COMPILATION_CONDITIONS = DEBUG;
				SWIFT_OPTIMIZATION_LEVEL = "-Onone";
			};
			name = Debug;
		};
		41F3D1721DE2F0C10078A06D /* Release */ = {
			isa = XCBuildConfiguration;
			buildSettings = {
				ALWAYS_SEARCH_USER_PATHS = NO;
				CLANG_ANALYZER_NONNULL = YES;
				CLANG_CXX_LANGUAGE_STANDARD = "gnu++0x";
				CLANG_CXX_LIBRARY = "libc++";
				CLANG_ENABLE_MODULES = YES;
				CLANG_ENABLE_OBJC_ARC = YES;
				CLANG_WARN_BOOL_CONVERSION = YES;
				CLANG_WARN_CONSTANT_CONVERSION = YES;
				CLANG_WARN_DIRECT_OBJC_ISA_USAGE = YES_ERROR;
				CLANG_WARN_DOCUMENTATION_COMMENTS = YES;
				CLANG_WARN_EMPTY_BODY = YES;
				CLANG_WARN_ENUM_CONVERSION = YES;
				CLANG_WARN_INFINITE_RECURSION = YES;
				CLANG_WARN_INT_CONVERSION = YES;
				CLANG_WARN_OBJC_ROOT_CLASS = YES_ERROR;
				CLANG_WARN_SUSPICIOUS_MOVES = YES;
				CLANG_WARN_UNREACHABLE_CODE = YES;
				CLANG_WARN__DUPLICATE_METHOD_MATCH = YES;
				"CODE_SIGN_IDENTITY[sdk=iphoneos*]" = "iPhone Developer";
				COPY_PHASE_STRIP = NO;
				DEBUG_INFORMATION_FORMAT = "dwarf-with-dsym";
				ENABLE_NS_ASSERTIONS = NO;
				ENABLE_STRICT_OBJC_MSGSEND = YES;
				GCC_C_LANGUAGE_STANDARD = gnu99;
				GCC_NO_COMMON_BLOCKS = YES;
				GCC_WARN_64_TO_32_BIT_CONVERSION = YES;
				GCC_WARN_ABOUT_RETURN_TYPE = YES_ERROR;
				GCC_WARN_UNDECLARED_SELECTOR = YES;
				GCC_WARN_UNINITIALIZED_AUTOS = YES_AGGRESSIVE;
				GCC_WARN_UNUSED_FUNCTION = YES;
				GCC_WARN_UNUSED_VARIABLE = YES;
				IPHONEOS_DEPLOYMENT_TARGET = 10.1;
				MTL_ENABLE_DEBUG_INFO = NO;
				SDKROOT = iphoneos;
				SWIFT_OPTIMIZATION_LEVEL = "-Owholemodule";
				VALIDATE_PRODUCT = YES;
			};
			name = Release;
		};
		41F3D1741DE2F0C10078A06D /* Debug */ = {
			isa = XCBuildConfiguration;
			buildSettings = {
				ASSETCATALOG_COMPILER_APPICON_NAME = AppIcon;
				DEVELOPMENT_TEAM = B3SVDDVYL4;
				INFOPLIST_FILE = MedicatioNeura/Info.plist;
				LD_RUNPATH_SEARCH_PATHS = "$(inherited) @executable_path/Frameworks";
				PRODUCT_BUNDLE_IDENTIFIER = com.MedicatioNeura;
				PRODUCT_NAME = "$(TARGET_NAME)";
				SWIFT_VERSION = 3.0;
			};
			name = Debug;
		};
		41F3D1751DE2F0C10078A06D /* Release */ = {
			isa = XCBuildConfiguration;
			buildSettings = {
				ASSETCATALOG_COMPILER_APPICON_NAME = AppIcon;
				DEVELOPMENT_TEAM = B3SVDDVYL4;
				INFOPLIST_FILE = MedicatioNeura/Info.plist;
				LD_RUNPATH_SEARCH_PATHS = "$(inherited) @executable_path/Frameworks";
				PRODUCT_BUNDLE_IDENTIFIER = com.MedicatioNeura;
				PRODUCT_NAME = "$(TARGET_NAME)";
				SWIFT_VERSION = 3.0;
			};
			name = Release;
		};
/* End XCBuildConfiguration section */

/* Begin XCConfigurationList section */
		41F3D15C1DE2F0C10078A06D /* Build configuration list for PBXProject "MedicatioNeura" */ = {
			isa = XCConfigurationList;
			buildConfigurations = (
				41F3D1711DE2F0C10078A06D /* Debug */,
				41F3D1721DE2F0C10078A06D /* Release */,
			);
			defaultConfigurationIsVisible = 0;
			defaultConfigurationName = Release;
		};
		41F3D1731DE2F0C10078A06D /* Build configuration list for PBXNativeTarget "MedicatioNeura" */ = {
			isa = XCConfigurationList;
			buildConfigurations = (
				41F3D1741DE2F0C10078A06D /* Debug */,
				41F3D1751DE2F0C10078A06D /* Release */,
			);
			defaultConfigurationIsVisible = 0;
		};
/* End XCConfigurationList section */
	};
	rootObject = 41F3D1591DE2F0C10078A06D /* Project object */;
}
